
Microsoft Visual Studio Solution File, Format Version 12.00
# Visual Studio Version 16
VisualStudioVersion = 16.0.31005.135
MinimumVisualStudioVersion = 10.0.40219.1
Project("{FAE04EC0-301F-11D3-BF4B-00C04F79EFBC}") = "Sudoku", "Sudoku\Sudoku.csproj", "{FF08A052-3989-4870-BB1F-6F9825DEB82F}"
EndProject
Global
	GlobalSection(SolutionConfigurationPlatforms) = preSolution
		Debug|Any CPU = Debug|Any CPU
		Release|Any CPU = Release|Any CPU
	EndGlobalSection
	GlobalSection(ProjectConfigurationPlatforms) = postSolution
		{FF08A052-3989-4870-BB1F-6F9825DEB82F}.Debug|Any CPU.ActiveCfg = Debug|Any CPU
		{FF08A052-3989-4870-BB1F-6F9825DEB82F}.Debug|Any CPU.Build.0 = Debug|Any CPU
		{FF08A052-3989-4870-BB1F-6F9825DEB82F}.Release|Any CPU.ActiveCfg = Release|Any CPU
		{FF08A052-3989-4870-BB1F-6F9825DEB82F}.Release|Any CPU.Build.0 = Release|Any CPU
	EndGlobalSection
	GlobalSection(SolutionProperties) = preSolution
		HideSolutionNode = FALSE
	EndGlobalSection
	GlobalSection(ExtensibilityGlobals) = postSolution
		SolutionGuid = {5B0698A0-0AF3-40D5-B32C-179102F452CD}
	EndGlobalSection
EndGlobal
